
Microsoft Visual Studio Solution File, Format Version 12.00
# Visual Studio Version 16
VisualStudioVersion = 16.0.30907.101
MinimumVisualStudioVersion = 10.0.40219.1
Project("{FAE04EC0-301F-11D3-BF4B-00C04F79EFBC}") = "Examen3", "Examen3\Examen3.csproj", "{32D9AF4C-75E5-4A61-A3AC-36A3EE22F08D}"
EndProject
Global
	GlobalSection(SolutionConfigurationPlatforms) = preSolution
		Debug|Any CPU = Debug|Any CPU
		Release|Any CPU = Release|Any CPU
	EndGlobalSection
	GlobalSection(ProjectConfigurationPlatforms) = postSolution
		{32D9AF4C-75E5-4A61-A3AC-36A3EE22F08D}.Debug|Any CPU.ActiveCfg = Debug|Any CPU
		{32D9AF4C-75E5-4A61-A3AC-36A3EE22F08D}.Debug|Any CPU.Build.0 = Debug|Any CPU
		{32D9AF4C-75E5-4A61-A3AC-36A3EE22F08D}.Release|Any CPU.ActiveCfg = Release|Any CPU
		{32D9AF4C-75E5-4A61-A3AC-36A3EE22F08D}.Release|Any CPU.Build.0 = Release|Any CPU
	EndGlobalSection
	GlobalSection(SolutionProperties) = preSolution
		HideSolutionNode = FALSE
	EndGlobalSection
	GlobalSection(ExtensibilityGlobals) = postSolution
		SolutionGuid = {3C6FB1FA-1E52-43C7-A8AB-615ADFCAC251}
	EndGlobalSection
EndGlobal
